<?xml version="1.0" encoding="utf-8"?>
<Project ToolsVersion="4.0" xmlns="http://schemas.microsoft.com/developer/msbuild/2003">
  <ItemGroup>
    <Filter Include="Source Files">
      <UniqueIdentifier>{4FC737F1-C7A5-4376-A066-2A32D752A2FF}</UniqueIdentifier>
      <Extensions>cpp;c;cc;cxx;c++;cppm;ixx;def;odl;idl;hpj;bat;asm;asmx</Extensions>
    </Filter>
    <Filter Include="Header Files">
      <UniqueIdentifier>{93995380-89BD-4b04-88EB-625FBE52EBFB}</UniqueIdentifier>
      <Extensions>h;hh;hpp;hxx;h++;hm;inl;inc;ipp;xsd</Extensions>
    </Filter>
    <Filter Include="Resource Files">
      <UniqueIdentifier>{67DA6AB6-F800-4c08-8B7A-83BB121AAD01}</UniqueIdentifier>
      <Extensions>rc;ico;cur;bmp;dlg;rc2;rct;bin;rgs;gif;jpg;jpeg;jpe;resx;tiff;tif;png;wav;mfcribbon-ms</Extensions>
    </Filter>
    <Filter Include="Header Files\Errors">
      <UniqueIdentifier>{1563f46b-d719-4284-a93e-87e95c1f8e15}</UniqueIdentifier>
    </Filter>
    <Filter Include="Source Files\Errors">
      <UniqueIdentifier>{90c7eebd-5d09-47d2-85af-e4b869b6c08e}</UniqueIdentifier>
    </Filter>
    <Filter Include="Header Files\Commands">
      <UniqueIdentifier>{e2b1fe25-4143-4058-ab53-9afb136a93e1}</UniqueIdentifier>
    </Filter>
    <Filter Include="Source Files\Commands">
      <UniqueIdentifier>{8c7afd80-81d2-4c74-82eb-d8da5ca02e76}</UniqueIdentifier>
    </Filter>
  </ItemGroup>
  <ItemGroup>
    <ClCompile Include="main.cpp">
      <Filter>Source Files</Filter>
    </ClCompile>
    <ClCompile Include="CommandLineInterpreter.cpp">
      <Filter>Source Files</Filter>
    </ClCompile>
    <ClCompile Include="Prompter.cpp">
      <Filter>Source Files</Filter>
    </ClCompile>
    <ClCompile Include="Command.cpp">
      <Filter>Source Files</Filter>
    </ClCompile>
    <ClCompile Include="CommandMaker.cpp">
      <Filter>Source Files</Filter>
    </ClCompile>
    <ClCompile Include="CustomError.cpp">
      <Filter>Source Files\Errors</Filter>
    </ClCompile>
    <ClCompile Include="UnknownCommandError.cpp">
      <Filter>Source Files\Errors</Filter>
    </ClCompile>
    <ClCompile Include="MissingOptionError.cpp">
      <Filter>Source Files\Errors</Filter>
    </ClCompile>
    <ClCompile Include="InvalidOptionError.cpp">
      <Filter>Source Files\Errors</Filter>
    </ClCompile>
    <ClCompile Include="MissingArgumentError.cpp">
      <Filter>Source Files\Errors</Filter>
    </ClCompile>
    <ClCompile Include="TooManyArgumentsError.cpp">
      <Filter>Source Files\Errors</Filter>
    </ClCompile>
    <ClCompile Include="MissingFileError.cpp">
      <Filter>Source Files\Errors</Filter>
    </ClCompile>
    <ClCompile Include="CommandDate.cpp">
      <Filter>Source Files\Commands</Filter>
    </ClCompile>
    <ClCompile Include="CommandEcho.cpp">
      <Filter>Source Files\Commands</Filter>
    </ClCompile>
    <ClCompile Include="CommandExit.cpp">
      <Filter>Source Files\Commands</Filter>
    </ClCompile>
    <ClCompile Include="CommandPrompt.cpp">
      <Filter>Source Files\Commands</Filter>
    </ClCompile>
    <ClCompile Include="CommandTime.cpp">
      <Filter>Source Files\Commands</Filter>
    </ClCompile>
    <ClCompile Include="CommandTouch.cpp">
      <Filter>Source Files\Commands</Filter>
    </ClCompile>
    <ClCompile Include="CommandWC.cpp">
      <Filter>Source Files\Commands</Filter>
    </ClCompile>
    <ClCompile Include="ReadError.cpp">
      <Filter>Source Files\Errors</Filter>
    </ClCompile>
    <ClCompile Include="Reader.cpp">
      <Filter>Source Files</Filter>
    </ClCompile>
    <ClCompile Include="UnexpectedArgumentsError.cpp">
      <Filter>Source Files\Errors</Filter>
    </ClCompile>
    <ClCompile Include="UnexpectedCharactersError.cpp">
      <Filter>Source Files\Errors</Filter>
    </ClCompile>
    <ClCompile Include="Pipeline.cpp">
      <Filter>Source Files</Filter>
    </ClCompile>
    <ClCompile Include="InvalidInputRedirectionError.cpp">
      <Filter>Source Files\Errors</Filter>
    </ClCompile>
    <ClCompile Include="AttemptedInputRedirectionError.cpp">
      <Filter>Source Files\Errors</Filter>
    </ClCompile>
    <ClCompile Include="AttemptedOutputRedirectionError.cpp">
      <Filter>Source Files\Errors</Filter>
    </ClCompile>
    <ClCompile Include="CommandRM.cpp">
      <Filter>Source Files\Commands</Filter>
    </ClCompile>
    <ClCompile Include="CommandTruncate.cpp">
      <Filter>Source Files\Commands</Filter>
    </ClCompile>
    <ClCompile Include="CommandHead.cpp">
      <Filter>Source Files\Commands</Filter>
    </ClCompile>
    <ClCompile Include="CommandBatch.cpp">
      <Filter>Source Files\Commands</Filter>
    </ClCompile>
    <ClCompile Include="CommandTR.cpp">
      <Filter>Source Files\Commands</Filter>
    </ClCompile>
    <ClCompile Include="PipelineOrderError.cpp">
      <Filter>Source Files\Errors</Filter>
    </ClCompile>
    <ClCompile Include="BadFormatError.cpp">
      <Filter>Source Files\Errors</Filter>
    </ClCompile>
  </ItemGroup>
  <ItemGroup>
    <ClInclude Include="CommandLineInterpreter.h">
      <Filter>Header Files</Filter>
    </ClInclude>
    <ClInclude Include="Prompter.h">
      <Filter>Header Files</Filter>
    </ClInclude>
    <ClInclude Include="Command.h">
      <Filter>Header Files</Filter>
    </ClInclude>
    <ClInclude Include="Reader.h">
      <Filter>Header Files</Filter>
    </ClInclude>
    <ClInclude Include="CommandMaker.h">
      <Filter>Header Files</Filter>
    </ClInclude>
    <ClInclude Include="CustomError.h">
      <Filter>Header Files\Errors</Filter>
    </ClInclude>
    <ClInclude Include="UnknownCommandError.h">
      <Filter>Header Files\Errors</Filter>
    </ClInclude>
    <ClInclude Include="MissingOptionError.h">
      <Filter>Header Files\Errors</Filter>
    </ClInclude>
    <ClInclude Include="InvalidOptionError.h">
      <Filter>Header Files\Errors</Filter>
    </ClInclude>
    <ClInclude Include="MissingArgumentError.h">
      <Filter>Header Files\Errors</Filter>
    </ClInclude>
    <ClInclude Include="TooManyArgumentsError.h">
      <Filter>Header Files\Errors</Filter>
    </ClInclude>
    <ClInclude Include="MissingFileError.h">
      <Filter>Header Files\Errors</Filter>
    </ClInclude>
    <ClInclude Include="ReadError.h">
      <Filter>Header Files\Errors</Filter>
    </ClInclude>
    <ClInclude Include="CommandDate.h">
      <Filter>Header Files\Commands</Filter>
    </ClInclude>
    <ClInclude Include="CommandEcho.h">
      <Filter>Header Files\Commands</Filter>
    </ClInclude>
    <ClInclude Include="CommandExit.h">
      <Filter>Header Files\Commands</Filter>
    </ClInclude>
    <ClInclude Include="CommandPrompt.h">
      <Filter>Header Files\Commands</Filter>
    </ClInclude>
    <ClInclude Include="CommandTime.h">
      <Filter>Header Files\Commands</Filter>
    </ClInclude>
    <ClInclude Include="CommandTouch.h">
      <Filter>Header Files\Commands</Filter>
    </ClInclude>
    <ClInclude Include="CommandWC.h">
      <Filter>Header Files\Commands</Filter>
    </ClInclude>
    <ClInclude Include="UnexpectedCharactersError.h">
      <Filter>Header Files\Errors</Filter>
    </ClInclude>
    <ClInclude Include="UnexpectedArgumentsError.h">
      <Filter>Header Files\Errors</Filter>
    </ClInclude>
    <ClInclude Include="Pipeline.h">
      <Filter>Header Files</Filter>
    </ClInclude>
    <ClInclude Include="InvalidInputRedirectionError.h">
      <Filter>Header Files\Errors</Filter>
    </ClInclude>
    <ClInclude Include="AttemptedInputRedirectionError.h">
      <Filter>Header Files\Errors</Filter>
    </ClInclude>
    <ClInclude Include="AttemptedOutputRedirectionError.h">
      <Filter>Header Files\Errors</Filter>
    </ClInclude>
    <ClInclude Include="CommandRM.h">
      <Filter>Header Files\Commands</Filter>
    </ClInclude>
    <ClInclude Include="CommandTruncate.h">
      <Filter>Header Files\Commands</Filter>
    </ClInclude>
    <ClInclude Include="CommandHead.h">
      <Filter>Header Files\Commands</Filter>
    </ClInclude>
    <ClInclude Include="CommandBatch.h">
      <Filter>Header Files\Commands</Filter>
    </ClInclude>
    <ClInclude Include="CommandTR.h">
      <Filter>Header Files\Commands</Filter>
    </ClInclude>
    <ClInclude Include="resource.h">
      <Filter>Header Files</Filter>
    </ClInclude>
    <ClInclude Include="DataType.h">
      <Filter>Header Files</Filter>
    </ClInclude>
    <ClInclude Include="PipelineOrderError.h">
      <Filter>Header Files\Errors</Filter>
    </ClInclude>
    <ClInclude Include="BadFormatError.h">
      <Filter>Header Files\Errors</Filter>
    </ClInclude>
  </ItemGroup>
  <ItemGroup>
    <ResourceCompile Include="command line interpreter.rc">
      <Filter>Resource Files</Filter>
    </ResourceCompile>
  </ItemGroup>
</Project>